// !$*UTF8*$!
{
	archiveVersion = 1;
	classes = {
	};
	objectVersion = 56;
	objects = {

/* Begin PBXBuildFile section */
		A74578332A32E9E800169340 /* MealImageService.swift in Sources */ = {isa = PBXBuildFile; fileRef = A74578322A32E9E800169340 /* MealImageService.swift */; };
		A74578352A32EB1A00169340 /* MealImageViewModel.swift in Sources */ = {isa = PBXBuildFile; fileRef = A74578342A32EB1A00169340 /* MealImageViewModel.swift */; };
		A74578372A32F09400169340 /* SearchBarView.swift in Sources */ = {isa = PBXBuildFile; fileRef = A74578362A32F09400169340 /* SearchBarView.swift */; };
		A74578392A32F11B00169340 /* UIApplication.swift in Sources */ = {isa = PBXBuildFile; fileRef = A74578382A32F11B00169340 /* UIApplication.swift */; };
		A745783B2A32F6AA00169340 /* DetailView.swift in Sources */ = {isa = PBXBuildFile; fileRef = A745783A2A32F6AA00169340 /* DetailView.swift */; };
		A745783D2A32FB5E00169340 /* DetailService.swift in Sources */ = {isa = PBXBuildFile; fileRef = A745783C2A32FB5E00169340 /* DetailService.swift */; };
		A745783F2A3300E300169340 /* DetailViewModel.swift in Sources */ = {isa = PBXBuildFile; fileRef = A745783E2A3300E300169340 /* DetailViewModel.swift */; };
		A74578472A34E20200169340 /* FetchProject_Tests.swift in Sources */ = {isa = PBXBuildFile; fileRef = A74578462A34E20200169340 /* FetchProject_Tests.swift */; };
		A74578502A352F4C00169340 /* MealService_Tests.swift in Sources */ = {isa = PBXBuildFile; fileRef = A745784F2A352F4C00169340 /* MealService_Tests.swift */; };
		A74578522A35324400169340 /* MealImageService_Tests.swift in Sources */ = {isa = PBXBuildFile; fileRef = A74578512A35324400169340 /* MealImageService_Tests.swift */; };
		A74578562A3537DF00169340 /* DetailService_Tests.swift in Sources */ = {isa = PBXBuildFile; fileRef = A74578552A3537DF00169340 /* DetailService_Tests.swift */; };
		A745787D2A35CD4C00169340 /* Model_TestsealModel_Tests.swift in Sources */ = {isa = PBXBuildFile; fileRef = A745787C2A35CD4C00169340 /* Model_TestsealModel_Tests.swift */; };
		A74578802A35D31500169340 /* HomeViewModel_Tests.swift in Sources */ = {isa = PBXBuildFile; fileRef = A745787F2A35D31500169340 /* HomeViewModel_Tests.swift */; };
		A74578822A35D6A000169340 /* MealImageViewModel_Tests.swift in Sources */ = {isa = PBXBuildFile; fileRef = A74578812A35D6A000169340 /* MealImageViewModel_Tests.swift */; };
		A74578842A35DA4400169340 /* DetailViewModel_Tests.swift in Sources */ = {isa = PBXBuildFile; fileRef = A74578832A35DA4400169340 /* DetailViewModel_Tests.swift */; };
		A77856242A2ED0A90072BFEC /* FetchProjectApp.swift in Sources */ = {isa = PBXBuildFile; fileRef = A77856232A2ED0A90072BFEC /* FetchProjectApp.swift */; };
		A77856262A2ED0A90072BFEC /* ContentView.swift in Sources */ = {isa = PBXBuildFile; fileRef = A77856252A2ED0A90072BFEC /* ContentView.swift */; };
		A77856282A2ED0AA0072BFEC /* Assets.xcassets in Resources */ = {isa = PBXBuildFile; fileRef = A77856272A2ED0AA0072BFEC /* Assets.xcassets */; };
		A778562B2A2ED0AA0072BFEC /* Preview Assets.xcassets in Resources */ = {isa = PBXBuildFile; fileRef = A778562A2A2ED0AA0072BFEC /* Preview Assets.xcassets */; };
		A778562D2A2ED0AA0072BFEC /* Persistence.swift in Sources */ = {isa = PBXBuildFile; fileRef = A778562C2A2ED0AA0072BFEC /* Persistence.swift */; };
		A77856302A2ED0AA0072BFEC /* FetchProject.xcdatamodeld in Sources */ = {isa = PBXBuildFile; fileRef = A778562E2A2ED0AA0072BFEC /* FetchProject.xcdatamodeld */; };
		A7AEDCD42A2FC74D0083C9F3 /* MealModel.swift in Sources */ = {isa = PBXBuildFile; fileRef = A7AEDCD32A2FC74D0083C9F3 /* MealModel.swift */; };
		A7AEDCD62A2FC7860083C9F3 /* MealDetailModel.swift in Sources */ = {isa = PBXBuildFile; fileRef = A7AEDCD52A2FC7860083C9F3 /* MealDetailModel.swift */; };
		A7AEDCD92A302FB90083C9F3 /* MealService.swift in Sources */ = {isa = PBXBuildFile; fileRef = A7AEDCD82A302FB90083C9F3 /* MealService.swift */; };
		A7AEDCDC2A3033330083C9F3 /* NetworkingManager.swift in Sources */ = {isa = PBXBuildFile; fileRef = A7AEDCDB2A3033330083C9F3 /* NetworkingManager.swift */; };
		A7AEDCE22A3249680083C9F3 /* HomeViewModel.swift in Sources */ = {isa = PBXBuildFile; fileRef = A7AEDCE12A3249680083C9F3 /* HomeViewModel.swift */; };
		A7AEDCE42A324D340083C9F3 /* LocalFileManager.swift in Sources */ = {isa = PBXBuildFile; fileRef = A7AEDCE32A324D340083C9F3 /* LocalFileManager.swift */; };
		A7AEDCEA2A3262260083C9F3 /* PreviewProvider.swift in Sources */ = {isa = PBXBuildFile; fileRef = A7AEDCE92A3262260083C9F3 /* PreviewProvider.swift */; };
		A7AEDCEC2A3262CC0083C9F3 /* MealView.swift in Sources */ = {isa = PBXBuildFile; fileRef = A7AEDCEB2A3262CC0083C9F3 /* MealView.swift */; };
		A7AEDCEE2A32819F0083C9F3 /* MealListView.swift in Sources */ = {isa = PBXBuildFile; fileRef = A7AEDCED2A32819F0083C9F3 /* MealListView.swift */; };
/* End PBXBuildFile section */

/* Begin PBXContainerItemProxy section */
		A74578482A34E20200169340 /* PBXContainerItemProxy */ = {
			isa = PBXContainerItemProxy;
			containerPortal = A77856182A2ED0A90072BFEC /* Project object */;
			proxyType = 1;
			remoteGlobalIDString = A778561F2A2ED0A90072BFEC;
			remoteInfo = FetchProject;
		};
/* End PBXContainerItemProxy section */

/* Begin PBXFileReference section */
		A74578322A32E9E800169340 /* MealImageService.swift */ = {isa = PBXFileReference; lastKnownFileType = sourcecode.swift; path = MealImageService.swift; sourceTree = "<group>"; };
		A74578342A32EB1A00169340 /* MealImageViewModel.swift */ = {isa = PBXFileReference; lastKnownFileType = sourcecode.swift; path = MealImageViewModel.swift; sourceTree = "<group>"; };
		A74578362A32F09400169340 /* SearchBarView.swift */ = {isa = PBXFileReference; lastKnownFileType = sourcecode.swift; path = SearchBarView.swift; sourceTree = "<group>"; };
		A74578382A32F11B00169340 /* UIApplication.swift */ = {isa = PBXFileReference; lastKnownFileType = sourcecode.swift; path = UIApplication.swift; sourceTree = "<group>"; };
		A745783A2A32F6AA00169340 /* DetailView.swift */ = {isa = PBXFileReference; lastKnownFileType = sourcecode.swift; path = DetailView.swift; sourceTree = "<group>"; };
		A745783C2A32FB5E00169340 /* DetailService.swift */ = {isa = PBXFileReference; lastKnownFileType = sourcecode.swift; path = DetailService.swift; sourceTree = "<group>"; };
		A745783E2A3300E300169340 /* DetailViewModel.swift */ = {isa = PBXFileReference; lastKnownFileType = sourcecode.swift; path = DetailViewModel.swift; sourceTree = "<group>"; };
		A74578442A34E20200169340 /* FetchProject_Tests.xctest */ = {isa = PBXFileReference; explicitFileType = wrapper.cfbundle; includeInIndex = 0; path = FetchProject_Tests.xctest; sourceTree = BUILT_PRODUCTS_DIR; };
		A74578462A34E20200169340 /* FetchProject_Tests.swift */ = {isa = PBXFileReference; lastKnownFileType = sourcecode.swift; path = FetchProject_Tests.swift; sourceTree = "<group>"; };
		A745784F2A352F4C00169340 /* MealService_Tests.swift */ = {isa = PBXFileReference; lastKnownFileType = sourcecode.swift; path = MealService_Tests.swift; sourceTree = "<group>"; };
		A74578512A35324400169340 /* MealImageService_Tests.swift */ = {isa = PBXFileReference; lastKnownFileType = sourcecode.swift; path = MealImageService_Tests.swift; sourceTree = "<group>"; };
		A74578552A3537DF00169340 /* DetailService_Tests.swift */ = {isa = PBXFileReference; lastKnownFileType = sourcecode.swift; path = DetailService_Tests.swift; sourceTree = "<group>"; };
		A745787C2A35CD4C00169340 /* Model_TestsealModel_Tests.swift */ = {isa = PBXFileReference; lastKnownFileType = sourcecode.swift; path = Model_TestsealModel_Tests.swift; sourceTree = "<group>"; };
		A745787F2A35D31500169340 /* HomeViewModel_Tests.swift */ = {isa = PBXFileReference; lastKnownFileType = sourcecode.swift; path = HomeViewModel_Tests.swift; sourceTree = "<group>"; };
		A74578812A35D6A000169340 /* MealImageViewModel_Tests.swift */ = {isa = PBXFileReference; lastKnownFileType = sourcecode.swift; path = MealImageViewModel_Tests.swift; sourceTree = "<group>"; };
		A74578832A35DA4400169340 /* DetailViewModel_Tests.swift */ = {isa = PBXFileReference; lastKnownFileType = sourcecode.swift; path = DetailViewModel_Tests.swift; sourceTree = "<group>"; };
		A77856202A2ED0A90072BFEC /* FetchProject.app */ = {isa = PBXFileReference; explicitFileType = wrapper.application; includeInIndex = 0; path = FetchProject.app; sourceTree = BUILT_PRODUCTS_DIR; };
		A77856232A2ED0A90072BFEC /* FetchProjectApp.swift */ = {isa = PBXFileReference; lastKnownFileType = sourcecode.swift; path = FetchProjectApp.swift; sourceTree = "<group>"; };
		A77856252A2ED0A90072BFEC /* ContentView.swift */ = {isa = PBXFileReference; lastKnownFileType = sourcecode.swift; path = ContentView.swift; sourceTree = "<group>"; };
		A77856272A2ED0AA0072BFEC /* Assets.xcassets */ = {isa = PBXFileReference; lastKnownFileType = folder.assetcatalog; path = Assets.xcassets; sourceTree = "<group>"; };
		A778562A2A2ED0AA0072BFEC /* Preview Assets.xcassets */ = {isa = PBXFileReference; lastKnownFileType = folder.assetcatalog; path = "Preview Assets.xcassets"; sourceTree = "<group>"; };
		A778562C2A2ED0AA0072BFEC /* Persistence.swift */ = {isa = PBXFileReference; lastKnownFileType = sourcecode.swift; path = Persistence.swift; sourceTree = "<group>"; };
		A778562F2A2ED0AA0072BFEC /* FetchProject.xcdatamodel */ = {isa = PBXFileReference; lastKnownFileType = wrapper.xcdatamodel; path = FetchProject.xcdatamodel; sourceTree = "<group>"; };
		A7AEDCD32A2FC74D0083C9F3 /* MealModel.swift */ = {isa = PBXFileReference; lastKnownFileType = sourcecode.swift; path = MealModel.swift; sourceTree = "<group>"; };
		A7AEDCD52A2FC7860083C9F3 /* MealDetailModel.swift */ = {isa = PBXFileReference; lastKnownFileType = sourcecode.swift; path = MealDetailModel.swift; sourceTree = "<group>"; };
		A7AEDCD82A302FB90083C9F3 /* MealService.swift */ = {isa = PBXFileReference; lastKnownFileType = sourcecode.swift; path = MealService.swift; sourceTree = "<group>"; };
		A7AEDCDB2A3033330083C9F3 /* NetworkingManager.swift */ = {isa = PBXFileReference; lastKnownFileType = sourcecode.swift; path = NetworkingManager.swift; sourceTree = "<group>"; };
		A7AEDCE12A3249680083C9F3 /* HomeViewModel.swift */ = {isa = PBXFileReference; lastKnownFileType = sourcecode.swift; path = HomeViewModel.swift; sourceTree = "<group>"; };
		A7AEDCE32A324D340083C9F3 /* LocalFileManager.swift */ = {isa = PBXFileReference; lastKnownFileType = sourcecode.swift; path = LocalFileManager.swift; sourceTree = "<group>"; };
		A7AEDCE92A3262260083C9F3 /* PreviewProvider.swift */ = {isa = PBXFileReference; lastKnownFileType = sourcecode.swift; path = PreviewProvider.swift; sourceTree = "<group>"; };
		A7AEDCEB2A3262CC0083C9F3 /* MealView.swift */ = {isa = PBXFileReference; lastKnownFileType = sourcecode.swift; path = MealView.swift; sourceTree = "<group>"; };
		A7AEDCED2A32819F0083C9F3 /* MealListView.swift */ = {isa = PBXFileReference; lastKnownFileType = sourcecode.swift; path = MealListView.swift; sourceTree = "<group>"; };
/* End PBXFileReference section */

/* Begin PBXFrameworksBuildPhase section */
		A74578412A34E20200169340 /* Frameworks */ = {
			isa = PBXFrameworksBuildPhase;
			buildActionMask = 2147483647;
			files = (
			);
			runOnlyForDeploymentPostprocessing = 0;
		};
		A778561D2A2ED0A90072BFEC /* Frameworks */ = {
			isa = PBXFrameworksBuildPhase;
			buildActionMask = 2147483647;
			files = (
			);
			runOnlyForDeploymentPostprocessing = 0;
		};
/* End PBXFrameworksBuildPhase section */

/* Begin PBXGroup section */
		A74578452A34E20200169340 /* FetchProject_Tests */ = {
			isa = PBXGroup;
			children = (
				A745787E2A35D30400169340 /* Integration_Tests */,
				A745787B2A35CD3900169340 /* Model_Tests */,
				A74578572A35382500169340 /* Service_Tests */,
				A74578462A34E20200169340 /* FetchProject_Tests.swift */,
			);
			path = FetchProject_Tests;
			sourceTree = "<group>";
		};
		A74578572A35382500169340 /* Service_Tests */ = {
			isa = PBXGroup;
			children = (
				A745784F2A352F4C00169340 /* MealService_Tests.swift */,
				A74578512A35324400169340 /* MealImageService_Tests.swift */,
				A74578552A3537DF00169340 /* DetailService_Tests.swift */,
			);
			path = Service_Tests;
			sourceTree = "<group>";
		};
		A745787B2A35CD3900169340 /* Model_Tests */ = {
			isa = PBXGroup;
			children = (
				A745787C2A35CD4C00169340 /* Model_TestsealModel_Tests.swift */,
			);
			path = Model_Tests;
			sourceTree = "<group>";
		};
		A745787E2A35D30400169340 /* Integration_Tests */ = {
			isa = PBXGroup;
			children = (
				A745787F2A35D31500169340 /* HomeViewModel_Tests.swift */,
				A74578812A35D6A000169340 /* MealImageViewModel_Tests.swift */,
				A74578832A35DA4400169340 /* DetailViewModel_Tests.swift */,
			);
			path = Integration_Tests;
			sourceTree = "<group>";
		};
		A77856172A2ED0A90072BFEC = {
			isa = PBXGroup;
			children = (
				A77856222A2ED0A90072BFEC /* FetchProject */,
				A74578452A34E20200169340 /* FetchProject_Tests */,
				A77856212A2ED0A90072BFEC /* Products */,
			);
			sourceTree = "<group>";
		};
		A77856212A2ED0A90072BFEC /* Products */ = {
			isa = PBXGroup;
			children = (
				A77856202A2ED0A90072BFEC /* FetchProject.app */,
				A74578442A34E20200169340 /* FetchProject_Tests.xctest */,
			);
			name = Products;
			sourceTree = "<group>";
		};
		A77856222A2ED0A90072BFEC /* FetchProject */ = {
			isa = PBXGroup;
			children = (
				A7AEDCDD2A3249410083C9F3 /* Core */,
				A7AEDCDA2A3033280083C9F3 /* Utilities */,
				A7AEDCD72A302F430083C9F3 /* Services */,
				A7AEDCD22A2FC73C0083C9F3 /* Models */,
				A77856232A2ED0A90072BFEC /* FetchProjectApp.swift */,
				A77856252A2ED0A90072BFEC /* ContentView.swift */,
				A77856272A2ED0AA0072BFEC /* Assets.xcassets */,
				A778562C2A2ED0AA0072BFEC /* Persistence.swift */,
				A778562E2A2ED0AA0072BFEC /* FetchProject.xcdatamodeld */,
				A77856292A2ED0AA0072BFEC /* Preview Content */,
			);
			path = FetchProject;
			sourceTree = "<group>";
		};
		A77856292A2ED0AA0072BFEC /* Preview Content */ = {
			isa = PBXGroup;
			children = (
				A778562A2A2ED0AA0072BFEC /* Preview Assets.xcassets */,
			);
			path = "Preview Content";
			sourceTree = "<group>";
		};
		A7AEDCD22A2FC73C0083C9F3 /* Models */ = {
			isa = PBXGroup;
			children = (
				A7AEDCD32A2FC74D0083C9F3 /* MealModel.swift */,
				A7AEDCD52A2FC7860083C9F3 /* MealDetailModel.swift */,
			);
			path = Models;
			sourceTree = "<group>";
		};
		A7AEDCD72A302F430083C9F3 /* Services */ = {
			isa = PBXGroup;
			children = (
				A7AEDCD82A302FB90083C9F3 /* MealService.swift */,
				A74578322A32E9E800169340 /* MealImageService.swift */,
				A745783C2A32FB5E00169340 /* DetailService.swift */,
			);
			path = Services;
			sourceTree = "<group>";
		};
		A7AEDCDA2A3033280083C9F3 /* Utilities */ = {
			isa = PBXGroup;
			children = (
				A7AEDCDB2A3033330083C9F3 /* NetworkingManager.swift */,
				A7AEDCE32A324D340083C9F3 /* LocalFileManager.swift */,
			);
			path = Utilities;
			sourceTree = "<group>";
		};
		A7AEDCDD2A3249410083C9F3 /* Core */ = {
			isa = PBXGroup;
			children = (
				A7AEDCE82A3262200083C9F3 /* Extensions */,
				A7AEDCDE2A3249540083C9F3 /* Home */,
			);
			path = Core;
			sourceTree = "<group>";
		};
		A7AEDCDE2A3249540083C9F3 /* Home */ = {
			isa = PBXGroup;
			children = (
				A7AEDCDF2A32495A0083C9F3 /* ViewModels */,
				A7AEDCE02A3249600083C9F3 /* Views */,
			);
			path = Home;
			sourceTree = "<group>";
		};
		A7AEDCDF2A32495A0083C9F3 /* ViewModels */ = {
			isa = PBXGroup;
			children = (
				A7AEDCE12A3249680083C9F3 /* HomeViewModel.swift */,
				A74578342A32EB1A00169340 /* MealImageViewModel.swift */,
				A745783E2A3300E300169340 /* DetailViewModel.swift */,
			);
			path = ViewModels;
			sourceTree = "<group>";
		};
		A7AEDCE02A3249600083C9F3 /* Views */ = {
			isa = PBXGroup;
			children = (
				A7AEDCEB2A3262CC0083C9F3 /* MealView.swift */,
				A7AEDCED2A32819F0083C9F3 /* MealListView.swift */,
				A74578362A32F09400169340 /* SearchBarView.swift */,
				A745783A2A32F6AA00169340 /* DetailView.swift */,
			);
			path = Views;
			sourceTree = "<group>";
		};
		A7AEDCE82A3262200083C9F3 /* Extensions */ = {
			isa = PBXGroup;
			children = (
				A7AEDCE92A3262260083C9F3 /* PreviewProvider.swift */,
				A74578382A32F11B00169340 /* UIApplication.swift */,
			);
			path = Extensions;
			sourceTree = "<group>";
		};
/* End PBXGroup section */

/* Begin PBXNativeTarget section */
		A74578432A34E20200169340 /* FetchProject_Tests */ = {
			isa = PBXNativeTarget;
			buildConfigurationList = A745784A2A34E20200169340 /* Build configuration list for PBXNativeTarget "FetchProject_Tests" */;
			buildPhases = (
				A74578402A34E20200169340 /* Sources */,
				A74578412A34E20200169340 /* Frameworks */,
				A74578422A34E20200169340 /* Resources */,
			);
			buildRules = (
			);
			dependencies = (
				A74578492A34E20200169340 /* PBXTargetDependency */,
			);
			name = FetchProject_Tests;
			productName = FetchProject_Tests;
			productReference = A74578442A34E20200169340 /* FetchProject_Tests.xctest */;
			productType = "com.apple.product-type.bundle.unit-test";
		};
		A778561F2A2ED0A90072BFEC /* FetchProject */ = {
			isa = PBXNativeTarget;
			buildConfigurationList = A77856332A2ED0AA0072BFEC /* Build configuration list for PBXNativeTarget "FetchProject" */;
			buildPhases = (
				A778561C2A2ED0A90072BFEC /* Sources */,
				A778561D2A2ED0A90072BFEC /* Frameworks */,
				A778561E2A2ED0A90072BFEC /* Resources */,
			);
			buildRules = (
			);
			dependencies = (
			);
			name = FetchProject;
			productName = FetchProject;
			productReference = A77856202A2ED0A90072BFEC /* FetchProject.app */;
			productType = "com.apple.product-type.application";
		};
/* End PBXNativeTarget section */

/* Begin PBXProject section */
		A77856182A2ED0A90072BFEC /* Project object */ = {
			isa = PBXProject;
			attributes = {
				BuildIndependentTargetsInParallel = 1;
				LastSwiftUpdateCheck = 1420;
				LastUpgradeCheck = 1420;
				TargetAttributes = {
					A74578432A34E20200169340 = {
						CreatedOnToolsVersion = 14.2;
						TestTargetID = A778561F2A2ED0A90072BFEC;
					};
					A778561F2A2ED0A90072BFEC = {
						CreatedOnToolsVersion = 14.2;
					};
				};
			};
			buildConfigurationList = A778561B2A2ED0A90072BFEC /* Build configuration list for PBXProject "FetchProject" */;
			compatibilityVersion = "Xcode 14.0";
			developmentRegion = en;
			hasScannedForEncodings = 0;
			knownRegions = (
				en,
				Base,
			);
			mainGroup = A77856172A2ED0A90072BFEC;
			productRefGroup = A77856212A2ED0A90072BFEC /* Products */;
			projectDirPath = "";
			projectRoot = "";
			targets = (
				A778561F2A2ED0A90072BFEC /* FetchProject */,
				A74578432A34E20200169340 /* FetchProject_Tests */,
			);
		};
/* End PBXProject section */

/* Begin PBXResourcesBuildPhase section */
		A74578422A34E20200169340 /* Resources */ = {
			isa = PBXResourcesBuildPhase;
			buildActionMask = 2147483647;
			files = (
			);
			runOnlyForDeploymentPostprocessing = 0;
		};
		A778561E2A2ED0A90072BFEC /* Resources */ = {
			isa = PBXResourcesBuildPhase;
			buildActionMask = 2147483647;
			files = (
				A778562B2A2ED0AA0072BFEC /* Preview Assets.xcassets in Resources */,
				A77856282A2ED0AA0072BFEC /* Assets.xcassets in Resources */,
			);
			runOnlyForDeploymentPostprocessing = 0;
		};
/* End PBXResourcesBuildPhase section */

/* Begin PBXSourcesBuildPhase section */
		A74578402A34E20200169340 /* Sources */ = {
			isa = PBXSourcesBuildPhase;
			buildActionMask = 2147483647;
			files = (
				A745787D2A35CD4C00169340 /* Model_TestsealModel_Tests.swift in Sources */,
				A74578522A35324400169340 /* MealImageService_Tests.swift in Sources */,
				A74578562A3537DF00169340 /* DetailService_Tests.swift in Sources */,
				A74578822A35D6A000169340 /* MealImageViewModel_Tests.swift in Sources */,
				A74578502A352F4C00169340 /* MealService_Tests.swift in Sources */,
				A74578472A34E20200169340 /* FetchProject_Tests.swift in Sources */,
				A74578802A35D31500169340 /* HomeViewModel_Tests.swift in Sources */,
				A74578842A35DA4400169340 /* DetailViewModel_Tests.swift in Sources */,
			);
			runOnlyForDeploymentPostprocessing = 0;
		};
		A778561C2A2ED0A90072BFEC /* Sources */ = {
			isa = PBXSourcesBuildPhase;
			buildActionMask = 2147483647;
			files = (
				A74578392A32F11B00169340 /* UIApplication.swift in Sources */,
				A7AEDCD62A2FC7860083C9F3 /* MealDetailModel.swift in Sources */,
				A74578352A32EB1A00169340 /* MealImageViewModel.swift in Sources */,
				A7AEDCE22A3249680083C9F3 /* HomeViewModel.swift in Sources */,
				A7AEDCD92A302FB90083C9F3 /* MealService.swift in Sources */,
				A74578332A32E9E800169340 /* MealImageService.swift in Sources */,
				A7AEDCD42A2FC74D0083C9F3 /* MealModel.swift in Sources */,
				A778562D2A2ED0AA0072BFEC /* Persistence.swift in Sources */,
				A7AEDCE42A324D340083C9F3 /* LocalFileManager.swift in Sources */,
				A745783D2A32FB5E00169340 /* DetailService.swift in Sources */,
				A7AEDCEA2A3262260083C9F3 /* PreviewProvider.swift in Sources */,
				A77856262A2ED0A90072BFEC /* ContentView.swift in Sources */,
				A7AEDCEE2A32819F0083C9F3 /* MealListView.swift in Sources */,
				A7AEDCDC2A3033330083C9F3 /* NetworkingManager.swift in Sources */,
				A77856302A2ED0AA0072BFEC /* FetchProject.xcdatamodeld in Sources */,
				A745783F2A3300E300169340 /* DetailViewModel.swift in Sources */,
				A77856242A2ED0A90072BFEC /* FetchProjectApp.swift in Sources */,
				A745783B2A32F6AA00169340 /* DetailView.swift in Sources */,
				A74578372A32F09400169340 /* SearchBarView.swift in Sources */,
				A7AEDCEC2A3262CC0083C9F3 /* MealView.swift in Sources */,
			);
			runOnlyForDeploymentPostprocessing = 0;
		};
/* End PBXSourcesBuildPhase section */

/* Begin PBXTargetDependency section */
		A74578492A34E20200169340 /* PBXTargetDependency */ = {
			isa = PBXTargetDependency;
			target = A778561F2A2ED0A90072BFEC /* FetchProject */;
			targetProxy = A74578482A34E20200169340 /* PBXContainerItemProxy */;
		};
/* End PBXTargetDependency section */

/* Begin XCBuildConfiguration section */
		A745784B2A34E20200169340 /* Debug */ = {
			isa = XCBuildConfiguration;
			buildSettings = {
				BUNDLE_LOADER = "$(TEST_HOST)";
				CODE_SIGN_STYLE = Automatic;
				CURRENT_PROJECT_VERSION = 1;
				DEVELOPMENT_TEAM = VLDC95KV38;
				GENERATE_INFOPLIST_FILE = YES;
				MARKETING_VERSION = 1.0;
				PRODUCT_BUNDLE_IDENTIFIER = "com.uniboy.FetchProject-Tests";
				PRODUCT_NAME = "$(TARGET_NAME)";
				SWIFT_EMIT_LOC_STRINGS = NO;
				SWIFT_VERSION = 5.0;
				TARGETED_DEVICE_FAMILY = "1,2";
				TEST_HOST = "$(BUILT_PRODUCTS_DIR)/FetchProject.app/$(BUNDLE_EXECUTABLE_FOLDER_PATH)/FetchProject";
			};
			name = Debug;
		};
		A745784C2A34E20200169340 /* Release */ = {
			isa = XCBuildConfiguration;
			buildSettings = {
				BUNDLE_LOADER = "$(TEST_HOST)";
				CODE_SIGN_STYLE = Automatic;
				CURRENT_PROJECT_VERSION = 1;
				DEVELOPMENT_TEAM = VLDC95KV38;
				GENERATE_INFOPLIST_FILE = YES;
				MARKETING_VERSION = 1.0;
				PRODUCT_BUNDLE_IDENTIFIER = "com.uniboy.FetchProject-Tests";
				PRODUCT_NAME = "$(TARGET_NAME)";
				SWIFT_EMIT_LOC_STRINGS = NO;
				SWIFT_VERSION = 5.0;
				TARGETED_DEVICE_FAMILY = "1,2";
				TEST_HOST = "$(BUILT_PRODUCTS_DIR)/FetchProject.app/$(BUNDLE_EXECUTABLE_FOLDER_PATH)/FetchProject";
			};
			name = Release;
		};
		A77856312A2ED0AA0072BFEC /* Debug */ = {
			isa = XCBuildConfiguration;
			buildSettings = {
				ALWAYS_SEARCH_USER_PATHS = NO;
				CLANG_ANALYZER_NONNULL = YES;
				CLANG_ANALYZER_NUMBER_OBJECT_CONVERSION = YES_AGGRESSIVE;
				CLANG_CXX_LANGUAGE_STANDARD = "gnu++20";
				CLANG_ENABLE_MODULES = YES;
				CLANG_ENABLE_OBJC_ARC = YES;
				CLANG_ENABLE_OBJC_WEAK = YES;
				CLANG_WARN_BLOCK_CAPTURE_AUTORELEASING = YES;
				CLANG_WARN_BOOL_CONVERSION = YES;
				CLANG_WARN_COMMA = YES;
				CLANG_WARN_CONSTANT_CONVERSION = YES;
				CLANG_WARN_DEPRECATED_OBJC_IMPLEMENTATIONS = YES;
				CLANG_WARN_DIRECT_OBJC_ISA_USAGE = YES_ERROR;
				CLANG_WARN_DOCUMENTATION_COMMENTS = YES;
				CLANG_WARN_EMPTY_BODY = YES;
				CLANG_WARN_ENUM_CONVERSION = YES;
				CLANG_WARN_INFINITE_RECURSION = YES;
				CLANG_WARN_INT_CONVERSION = YES;
				CLANG_WARN_NON_LITERAL_NULL_CONVERSION = YES;
				CLANG_WARN_OBJC_IMPLICIT_RETAIN_SELF = YES;
				CLANG_WARN_OBJC_LITERAL_CONVERSION = YES;
				CLANG_WARN_OBJC_ROOT_CLASS = YES_ERROR;
				CLANG_WARN_QUOTED_INCLUDE_IN_FRAMEWORK_HEADER = YES;
				CLANG_WARN_RANGE_LOOP_ANALYSIS = YES;
				CLANG_WARN_STRICT_PROTOTYPES = YES;
				CLANG_WARN_SUSPICIOUS_MOVE = YES;
				CLANG_WARN_UNGUARDED_AVAILABILITY = YES_AGGRESSIVE;
				CLANG_WARN_UNREACHABLE_CODE = YES;
				CLANG_WARN__DUPLICATE_METHOD_MATCH = YES;
				COPY_PHASE_STRIP = NO;
				DEBUG_INFORMATION_FORMAT = dwarf;
				ENABLE_STRICT_OBJC_MSGSEND = YES;
				ENABLE_TESTABILITY = YES;
				GCC_C_LANGUAGE_STANDARD = gnu11;
				GCC_DYNAMIC_NO_PIC = NO;
				GCC_NO_COMMON_BLOCKS = YES;
				GCC_OPTIMIZATION_LEVEL = 0;
				GCC_PREPROCESSOR_DEFINITIONS = (
					"DEBUG=1",
					"$(inherited)",
				);
				GCC_WARN_64_TO_32_BIT_CONVERSION = YES;
				GCC_WARN_ABOUT_RETURN_TYPE = YES_ERROR;
				GCC_WARN_UNDECLARED_SELECTOR = YES;
				GCC_WARN_UNINITIALIZED_AUTOS = YES_AGGRESSIVE;
				GCC_WARN_UNUSED_FUNCTION = YES;
				GCC_WARN_UNUSED_VARIABLE = YES;
				IPHONEOS_DEPLOYMENT_TARGET = 16.2;
				MTL_ENABLE_DEBUG_INFO = INCLUDE_SOURCE;
				MTL_FAST_MATH = YES;
				ONLY_ACTIVE_ARCH = YES;
				SDKROOT = iphoneos;
				SWIFT_ACTIVE_COMPILATION_CONDITIONS = DEBUG;
				SWIFT_OPTIMIZATION_LEVEL = "-Onone";
			};
			name = Debug;
		};
		A77856322A2ED0AA0072BFEC /* Release */ = {
			isa = XCBuildConfiguration;
			buildSettings = {
				ALWAYS_SEARCH_USER_PATHS = NO;
				CLANG_ANALYZER_NONNULL = YES;
				CLANG_ANALYZER_NUMBER_OBJECT_CONVERSION = YES_AGGRESSIVE;
				CLANG_CXX_LANGUAGE_STANDARD = "gnu++20";
				CLANG_ENABLE_MODULES = YES;
				CLANG_ENABLE_OBJC_ARC = YES;
				CLANG_ENABLE_OBJC_WEAK = YES;
				CLANG_WARN_BLOCK_CAPTURE_AUTORELEASING = YES;
				CLANG_WARN_BOOL_CONVERSION = YES;
				CLANG_WARN_COMMA = YES;
				CLANG_WARN_CONSTANT_CONVERSION = YES;
				CLANG_WARN_DEPRECATED_OBJC_IMPLEMENTATIONS = YES;
				CLANG_WARN_DIRECT_OBJC_ISA_USAGE = YES_ERROR;
				CLANG_WARN_DOCUMENTATION_COMMENTS = YES;
				CLANG_WARN_EMPTY_BODY = YES;
				CLANG_WARN_ENUM_CONVERSION = YES;
				CLANG_WARN_INFINITE_RECURSION = YES;
				CLANG_WARN_INT_CONVERSION = YES;
				CLANG_WARN_NON_LITERAL_NULL_CONVERSION = YES;
				CLANG_WARN_OBJC_IMPLICIT_RETAIN_SELF = YES;
				CLANG_WARN_OBJC_LITERAL_CONVERSION = YES;
				CLANG_WARN_OBJC_ROOT_CLASS = YES_ERROR;
				CLANG_WARN_QUOTED_INCLUDE_IN_FRAMEWORK_HEADER = YES;
				CLANG_WARN_RANGE_LOOP_ANALYSIS = YES;
				CLANG_WARN_STRICT_PROTOTYPES = YES;
				CLANG_WARN_SUSPICIOUS_MOVE = YES;
				CLANG_WARN_UNGUARDED_AVAILABILITY = YES_AGGRESSIVE;
				CLANG_WARN_UNREACHABLE_CODE = YES;
				CLANG_WARN__DUPLICATE_METHOD_MATCH = YES;
				COPY_PHASE_STRIP = NO;
				DEBUG_INFORMATION_FORMAT = "dwarf-with-dsym";
				ENABLE_NS_ASSERTIONS = NO;
				ENABLE_STRICT_OBJC_MSGSEND = YES;
				GCC_C_LANGUAGE_STANDARD = gnu11;
				GCC_NO_COMMON_BLOCKS = YES;
				GCC_WARN_64_TO_32_BIT_CONVERSION = YES;
				GCC_WARN_ABOUT_RETURN_TYPE = YES_ERROR;
				GCC_WARN_UNDECLARED_SELECTOR = YES;
				GCC_WARN_UNINITIALIZED_AUTOS = YES_AGGRESSIVE;
				GCC_WARN_UNUSED_FUNCTION = YES;
				GCC_WARN_UNUSED_VARIABLE = YES;
				IPHONEOS_DEPLOYMENT_TARGET = 16.2;
				MTL_ENABLE_DEBUG_INFO = NO;
				MTL_FAST_MATH = YES;
				SDKROOT = iphoneos;
				SWIFT_COMPILATION_MODE = wholemodule;
				SWIFT_OPTIMIZATION_LEVEL = "-O";
				VALIDATE_PRODUCT = YES;
			};
			name = Release;
		};
		A77856342A2ED0AA0072BFEC /* Debug */ = {
			isa = XCBuildConfiguration;
			buildSettings = {
				ASSETCATALOG_COMPILER_APPICON_NAME = AppIcon;
				ASSETCATALOG_COMPILER_GLOBAL_ACCENT_COLOR_NAME = AccentColor;
				CODE_SIGN_STYLE = Automatic;
				CURRENT_PROJECT_VERSION = 1;
				DEVELOPMENT_ASSET_PATHS = "\"FetchProject/Preview Content\"";
				DEVELOPMENT_TEAM = VLDC95KV38;
				ENABLE_PREVIEWS = YES;
				GENERATE_INFOPLIST_FILE = YES;
				INFOPLIST_KEY_UIApplicationSceneManifest_Generation = YES;
				INFOPLIST_KEY_UIApplicationSupportsIndirectInputEvents = YES;
				INFOPLIST_KEY_UILaunchScreen_Generation = YES;
				INFOPLIST_KEY_UISupportedInterfaceOrientations = "UIInterfaceOrientationLandscapeLeft UIInterfaceOrientationLandscapeRight UIInterfaceOrientationPortrait";
				INFOPLIST_KEY_UISupportedInterfaceOrientations_iPad = "UIInterfaceOrientationLandscapeLeft UIInterfaceOrientationLandscapeRight UIInterfaceOrientationPortrait UIInterfaceOrientationPortraitUpsideDown";
				LD_RUNPATH_SEARCH_PATHS = (
					"$(inherited)",
					"@executable_path/Frameworks",
				);
				MARKETING_VERSION = 1.0;
				PRODUCT_BUNDLE_IDENTIFIER = com.uniboy.FetchProject;
				PRODUCT_NAME = "$(TARGET_NAME)";
				SWIFT_EMIT_LOC_STRINGS = YES;
				SWIFT_VERSION = 5.0;
				TARGETED_DEVICE_FAMILY = "1,2";
			};
			name = Debug;
		};
		A77856352A2ED0AA0072BFEC /* Release */ = {
			isa = XCBuildConfiguration;
			buildSettings = {
				ASSETCATALOG_COMPILER_APPICON_NAME = AppIcon;
				ASSETCATALOG_COMPILER_GLOBAL_ACCENT_COLOR_NAME = AccentColor;
				CODE_SIGN_STYLE = Automatic;
				CURRENT_PROJECT_VERSION = 1;
				DEVELOPMENT_ASSET_PATHS = "\"FetchProject/Preview Content\"";
				DEVELOPMENT_TEAM = VLDC95KV38;
				ENABLE_PREVIEWS = YES;
				GENERATE_INFOPLIST_FILE = YES;
				INFOPLIST_KEY_UIApplicationSceneManifest_Generation = YES;
				INFOPLIST_KEY_UIApplicationSupportsIndirectInputEvents = YES;
				INFOPLIST_KEY_UILaunchScreen_Generation = YES;
				INFOPLIST_KEY_UISupportedInterfaceOrientations = "UIInterfaceOrientationLandscapeLeft UIInterfaceOrientationLandscapeRight UIInterfaceOrientationPortrait";
				INFOPLIST_KEY_UISupportedInterfaceOrientations_iPad = "UIInterfaceOrientationLandscapeLeft UIInterfaceOrientationLandscapeRight UIInterfaceOrientationPortrait UIInterfaceOrientationPortraitUpsideDown";
				LD_RUNPATH_SEARCH_PATHS = (
					"$(inherited)",
					"@executable_path/Frameworks",
				);
				MARKETING_VERSION = 1.0;
				PRODUCT_BUNDLE_IDENTIFIER = com.uniboy.FetchProject;
				PRODUCT_NAME = "$(TARGET_NAME)";
				SWIFT_EMIT_LOC_STRINGS = YES;
				SWIFT_VERSION = 5.0;
				TARGETED_DEVICE_FAMILY = "1,2";
			};
			name = Release;
		};
/* End XCBuildConfiguration section */

/* Begin XCConfigurationList section */
		A745784A2A34E20200169340 /* Build configuration list for PBXNativeTarget "FetchProject_Tests" */ = {
			isa = XCConfigurationList;
			buildConfigurations = (
				A745784B2A34E20200169340 /* Debug */,
				A745784C2A34E20200169340 /* Release */,
			);
			defaultConfigurationIsVisible = 0;
			defaultConfigurationName = Release;
		};
		A778561B2A2ED0A90072BFEC /* Build configuration list for PBXProject "FetchProject" */ = {
			isa = XCConfigurationList;
			buildConfigurations = (
				A77856312A2ED0AA0072BFEC /* Debug */,
				A77856322A2ED0AA0072BFEC /* Release */,
			);
			defaultConfigurationIsVisible = 0;
			defaultConfigurationName = Release;
		};
		A77856332A2ED0AA0072BFEC /* Build configuration list for PBXNativeTarget "FetchProject" */ = {
			isa = XCConfigurationList;
			buildConfigurations = (
				A77856342A2ED0AA0072BFEC /* Debug */,
				A77856352A2ED0AA0072BFEC /* Release */,
			);
			defaultConfigurationIsVisible = 0;
			defaultConfigurationName = Release;
		};
/* End XCConfigurationList section */

/* Begin XCVersionGroup section */
		A778562E2A2ED0AA0072BFEC /* FetchProject.xcdatamodeld */ = {
			isa = XCVersionGroup;
			children = (
				A778562F2A2ED0AA0072BFEC /* FetchProject.xcdatamodel */,
			);
			currentVersion = A778562F2A2ED0AA0072BFEC /* FetchProject.xcdatamodel */;
			path = FetchProject.xcdatamodeld;
			sourceTree = "<group>";
			versionGroupType = wrapper.xcdatamodel;
		};
/* End XCVersionGroup section */
	};
	rootObject = A77856182A2ED0A90072BFEC /* Project object */;
}
